{
	"name": "banner-comments",
	"version": "0.4.0",
	"lockfileVersion": 2,
	"requires": true,
	"packages": {
		"": {
			"name": "banner-comments",
			"version": "0.4.0",
			"hasInstallScript": true,
			"dependencies": {
				"comment-json": "^1.1.3",
				"figlet": "^1.5.0"
			},
			"devDependencies": {
				"@types/comment-json": "^1.1.1",
				"@types/figlet": "^1.2.0",
				"@types/node": "^14.10.0",
				"@types/vscode": "^1.34.0",
				"typescript": "^4.0.2"
			},
			"engines": {
				"vscode": "^1.34.0"
			}
		},
		"node_modules/@types/comment-json": {
			"version": "1.1.1",
			"resolved": "https://registry.npmjs.org/@types/comment-json/-/comment-json-1.1.1.tgz",
			"integrity": "sha512-U70oEqvnkeSSp8BIJwJclERtT13rd9ejK7XkIzMCQQePZe3VW1b7iQggXyW4ZvfGtGeXD0pZw24q5iWNe++HqQ==",
			"dev": true
		},
		"node_modules/@types/figlet": {
			"version": "1.2.0",
			"resolved": "https://registry.npmjs.org/@types/figlet/-/figlet-1.2.0.tgz",
			"integrity": "sha512-TDZkNpYfkc3X8yv7w1QBziZmmxzNfGKX+YjeNkMpmSiNV0QOdNf9G5cEZB3FH1/oaqpSQEdxuDzURdju2L3lng==",
			"dev": true
		},
		"node_modules/@types/node": {
			"version": "14.10.0",
			"resolved": "https://registry.npmjs.org/@types/node/-/node-14.10.0.tgz",
			"integrity": "sha512-SOIyrdADB4cq6eY1F+9iU48iIomFAPltu11LCvA9PKcyEwHadjCFzNVPotAR+oEJA0bCP4Xvvgy+vwu1ZjVh8g==",
			"dev": true
		},
		"node_modules/@types/vscode": {
			"version": "1.49.0",
			"resolved": "https://registry.npmjs.org/@types/vscode/-/vscode-1.49.0.tgz",
			"integrity": "sha512-wfNQmLmm1VdMBr6iuNdprWmC1YdrgZ9dQzadv+l2eSjJlElOdJw8OTm4RU4oGTBcfvG6RZI2jOcppkdSS18mZw==",
			"dev": true
		},
		"node_modules/comment-json": {
			"version": "1.1.3",
			"resolved": "https://registry.npmjs.org/comment-json/-/comment-json-1.1.3.tgz",
			"integrity": "sha1-aYbDMw/uDEyeAMI5jNYa+l2PI54=",
			"dependencies": {
				"json-parser": "^1.0.0"
			},
			"engines": {
				"node": ">=0.10.0"
			}
		},
		"node_modules/esprima": {
			"version": "2.7.3",
			"resolved": "https://registry.npmjs.org/esprima/-/esprima-2.7.3.tgz",
			"integrity": "sha1-luO3DVd59q1JzQMmc9HDEnZ7pYE=",
			"bin": {
				"esparse": "bin/esparse.js",
				"esvalidate": "bin/esvalidate.js"
			},
			"engines": {
				"node": ">=0.10.0"
			}
		},
		"node_modules/figlet": {
			"version": "1.5.0",
			"resolved": "https://registry.npmjs.org/figlet/-/figlet-1.5.0.tgz",
			"integrity": "sha512-ZQJM4aifMpz6H19AW1VqvZ7l4pOE9p7i/3LyxgO2kp+PO/VcDYNqIHEMtkccqIhTXMKci4kjueJr/iCQEaT/Ww==",
			"engines": {
				"node": ">= 0.4.0"
			}
		},
		"node_modules/json-parser": {
			"version": "1.1.5",
			"resolved": "https://registry.npmjs.org/json-parser/-/json-parser-1.1.5.tgz",
			"integrity": "sha1-5i7FJh0aal/CDoEqMgdAxtkAVnc=",
			"deprecated": "`json-parser` is deprecated. Please use `comment-json` instead",
			"dependencies": {
				"esprima": "^2.7.0"
			},
			"engines": {
				"node": ">=0.10.0"
			}
		},
		"node_modules/typescript": {
			"version": "4.0.2",
			"resolved": "https://registry.npmjs.org/typescript/-/typescript-4.0.2.tgz",
			"integrity": "sha512-e4ERvRV2wb+rRZ/IQeb3jm2VxBsirQLpQhdxplZ2MEzGvDkkMmPglecnNDfSUBivMjP93vRbngYYDQqQ/78bcQ==",
			"dev": true,
			"bin": {
				"tsc": "bin/tsc",
				"tsserver": "bin/tsserver"
			},
			"engines": {
				"node": ">=4.2.0"
			}
		}
	},
	"dependencies": {
		"@types/comment-json": {
			"version": "1.1.1",
			"resolved": "https://registry.npmjs.org/@types/comment-json/-/comment-json-1.1.1.tgz",
			"integrity": "sha512-U70oEqvnkeSSp8BIJwJclERtT13rd9ejK7XkIzMCQQePZe3VW1b7iQggXyW4ZvfGtGeXD0pZw24q5iWNe++HqQ==",
			"dev": true
		},
		"@types/figlet": {
			"version": "1.2.0",
			"resolved": "https://registry.npmjs.org/@types/figlet/-/figlet-1.2.0.tgz",
			"integrity": "sha512-TDZkNpYfkc3X8yv7w1QBziZmmxzNfGKX+YjeNkMpmSiNV0QOdNf9G5cEZB3FH1/oaqpSQEdxuDzURdju2L3lng==",
			"dev": true
		},
		"@types/node": {
			"version": "14.10.0",
			"resolved": "https://registry.npmjs.org/@types/node/-/node-14.10.0.tgz",
			"integrity": "sha512-SOIyrdADB4cq6eY1F+9iU48iIomFAPltu11LCvA9PKcyEwHadjCFzNVPotAR+oEJA0bCP4Xvvgy+vwu1ZjVh8g==",
			"dev": true
		},
		"@types/vscode": {
			"version": "1.49.0",
			"resolved": "https://registry.npmjs.org/@types/vscode/-/vscode-1.49.0.tgz",
			"integrity": "sha512-wfNQmLmm1VdMBr6iuNdprWmC1YdrgZ9dQzadv+l2eSjJlElOdJw8OTm4RU4oGTBcfvG6RZI2jOcppkdSS18mZw==",
			"dev": true
		},
		"comment-json": {
			"version": "1.1.3",
			"resolved": "https://registry.npmjs.org/comment-json/-/comment-json-1.1.3.tgz",
			"integrity": "sha1-aYbDMw/uDEyeAMI5jNYa+l2PI54=",
			"requires": {
				"json-parser": "^1.0.0"
			}
		},
		"esprima": {
			"version": "2.7.3",
			"resolved": "https://registry.npmjs.org/esprima/-/esprima-2.7.3.tgz",
			"integrity": "sha1-luO3DVd59q1JzQMmc9HDEnZ7pYE="
		},
		"figlet": {
			"version": "1.5.0",
			"resolved": "https://registry.npmjs.org/figlet/-/figlet-1.5.0.tgz",
			"integrity": "sha512-ZQJM4aifMpz6H19AW1VqvZ7l4pOE9p7i/3LyxgO2kp+PO/VcDYNqIHEMtkccqIhTXMKci4kjueJr/iCQEaT/Ww=="
		},
		"json-parser": {
			"version": "1.1.5",
			"resolved": "https://registry.npmjs.org/json-parser/-/json-parser-1.1.5.tgz",
			"integrity": "sha1-5i7FJh0aal/CDoEqMgdAxtkAVnc=",
			"requires": {
				"esprima": "^2.7.0"
			}
		},
		"typescript": {
			"version": "4.0.2",
			"resolved": "https://registry.npmjs.org/typescript/-/typescript-4.0.2.tgz",
			"integrity": "sha512-e4ERvRV2wb+rRZ/IQeb3jm2VxBsirQLpQhdxplZ2MEzGvDkkMmPglecnNDfSUBivMjP93vRbngYYDQqQ/78bcQ==",
			"dev": true
		}
	}
}
